
Microsoft Visual Studio Solution File, Format Version 12.00
# Visual Studio for Mac
Project("{FAE04EC0-301F-11D3-BF4B-00C04F79EFBC}") = "Vanisher", "Assembly-CSharp.csproj", "{107BDCFD-6560-BFCF-9372-283BD779C48C}"
EndProject
Project("{FAE04EC0-301F-11D3-BF4B-00C04F79EFBC}") = "Vanisher", "Assembly-CSharp-firstpass.csproj", "{C7865AA8-AB23-EC91-C464-FF77AA9E1E5C}"
EndProject
Project("{FAE04EC0-301F-11D3-BF4B-00C04F79EFBC}") = "Vanisher", "Assembly-CSharp-Editor-firstpass.csproj", "{B96731F3-5A15-51B4-76F8-15DD60C9B2C4}"
EndProject
Project("{FAE04EC0-301F-11D3-BF4B-00C04F79EFBC}") = "Vanisher", "Assembly-CSharp-Editor.csproj", "{E249FCB2-183D-8ECD-3777-DEEDFB33AB3A}"
EndProject
Global
	GlobalSection(SolutionConfigurationPlatforms) = preSolution
		Debug|Any CPU = Debug|Any CPU
		Release|Any CPU = Release|Any CPU
	EndGlobalSection
	GlobalSection(ProjectConfigurationPlatforms) = postSolution
		{107BDCFD-6560-BFCF-9372-283BD779C48C}.Debug|Any CPU.ActiveCfg = Debug|Any CPU
		{107BDCFD-6560-BFCF-9372-283BD779C48C}.Debug|Any CPU.Build.0 = Debug|Any CPU
		{107BDCFD-6560-BFCF-9372-283BD779C48C}.Release|Any CPU.ActiveCfg = Release|Any CPU
		{107BDCFD-6560-BFCF-9372-283BD779C48C}.Release|Any CPU.Build.0 = Release|Any CPU
		{C7865AA8-AB23-EC91-C464-FF77AA9E1E5C}.Debug|Any CPU.ActiveCfg = Debug|Any CPU
		{C7865AA8-AB23-EC91-C464-FF77AA9E1E5C}.Debug|Any CPU.Build.0 = Debug|Any CPU
		{C7865AA8-AB23-EC91-C464-FF77AA9E1E5C}.Release|Any CPU.ActiveCfg = Release|Any CPU
		{C7865AA8-AB23-EC91-C464-FF77AA9E1E5C}.Release|Any CPU.Build.0 = Release|Any CPU
		{B96731F3-5A15-51B4-76F8-15DD60C9B2C4}.Debug|Any CPU.ActiveCfg = Debug|Any CPU
		{B96731F3-5A15-51B4-76F8-15DD60C9B2C4}.Debug|Any CPU.Build.0 = Debug|Any CPU
		{B96731F3-5A15-51B4-76F8-15DD60C9B2C4}.Release|Any CPU.ActiveCfg = Release|Any CPU
		{B96731F3-5A15-51B4-76F8-15DD60C9B2C4}.Release|Any CPU.Build.0 = Release|Any CPU
		{E249FCB2-183D-8ECD-3777-DEEDFB33AB3A}.Debug|Any CPU.ActiveCfg = Debug|Any CPU
		{E249FCB2-183D-8ECD-3777-DEEDFB33AB3A}.Debug|Any CPU.Build.0 = Debug|Any CPU
		{E249FCB2-183D-8ECD-3777-DEEDFB33AB3A}.Release|Any CPU.ActiveCfg = Release|Any CPU
		{E249FCB2-183D-8ECD-3777-DEEDFB33AB3A}.Release|Any CPU.Build.0 = Release|Any CPU
	EndGlobalSection
	GlobalSection(SolutionProperties) = preSolution
		HideSolutionNode = FALSE
	EndGlobalSection
EndGlobal
